{
  "name": "nodeprobe",
  "lockfileVersion": 3,
  "requires": true,
  "packages": {
    "": {
      "dependencies": {
        "@game-hub/game-spades": "0.1.1",
        "@game-hub/kernel": "1.5.0"
      }
    },
    "node_modules/@game-hub/game-spades": {
      "version": "0.1.1",
      "resolved": "https://registry.npmjs.org/@game-hub/game-spades/-/game-spades-0.1.1.tgz",
      "integrity": "sha512-pG2paN9faF4wZpVkzwzDaW4zP7NXAU8WMd09xZzu6OlUdSIj3Hi5oMGgNBlGH6vXF7l+OPpaXzG3F82QyeTjXA==",
      "license": "BSD-3-Clause",
      "engines": {
        "node": ">=22"
      },
      "peerDependencies": {
        "@game-hub/kernel": "^1.5.0",
        "@game-hub/ui-kit": "^1.0.0",
        "react": "^19.0.0"
      },
      "peerDependenciesMeta": {
        "@game-hub/ui-kit": {
          "optional": true
        },
        "react": {
          "optional": true
        }
      }
    },
    "node_modules/@game-hub/kernel": {
      "version": "1.5.0",
      "resolved": "https://registry.npmjs.org/@game-hub/kernel/-/kernel-1.5.0.tgz",
      "integrity": "sha512-DrWrEmoq+x6tHSjBtJ5w2JlS+JAir14p3Qj19vHEdd0ywJ3XGXvz9k9708Hb/7OjvAlm/vFu7t6rbxHu2iGaZQ==",
      "license": "BSD-3-Clause",
      "peerDependencies": {
        "@types/react": "^19.0.0"
      },
      "peerDependenciesMeta": {
        "@types/react": {
          "optional": true
        }
      }
    }
  }
}
